
Microsoft Visual Studio Solution File, Format Version 12.00
# Visual Studio 15
VisualStudioVersion = 15.0.27130.2036
MinimumVisualStudioVersion = 10.0.40219.1
Project("{8BC9CEB8-8B4A-11D0-8D11-00A0C91BC942}") = "CybioClient", "CybioClient.vcxproj", "{B623E87C-20BD-42F6-BD75-0816884B4308}"
EndProject
Global
	GlobalSection(SolutionConfigurationPlatforms) = preSolution
		Debug|x86 = Debug|x86
		Release|x86 = Release|x86
	EndGlobalSection
	GlobalSection(ProjectConfigurationPlatforms) = postSolution
		{B623E87C-20BD-42F6-BD75-0816884B4308}.Debug|x86.ActiveCfg = Debug|Win32
		{B623E87C-20BD-42F6-BD75-0816884B4308}.Debug|x86.Build.0 = Debug|Win32
		{B623E87C-20BD-42F6-BD75-0816884B4308}.Release|x86.ActiveCfg = Release|Win32
		{B623E87C-20BD-42F6-BD75-0816884B4308}.Release|x86.Build.0 = Release|Win32
	EndGlobalSection
	GlobalSection(SolutionProperties) = preSolution
		HideSolutionNode = FALSE
	EndGlobalSection
	GlobalSection(ExtensibilityGlobals) = postSolution
		SolutionGuid = {5AB27FCB-F556-41FE-B164-A4B8B62AD080}
	EndGlobalSection
EndGlobal
