
Microsoft Visual Studio Solution File, Format Version 12.00
# Visual Studio Version 16
VisualStudioVersion = 16.0.29025.244
MinimumVisualStudioVersion = 10.0.40219.1
Project("{8BC9CEB8-8B4A-11D0-8D11-00A0C91BC942}") = "ClanClientOgre3D", "ClanClientOgre3D.vcxproj", "{24239471-5E03-4BEA-8670-2BF38C93735D}"
EndProject
Global
	GlobalSection(SolutionConfigurationPlatforms) = preSolution
		Debug|Win32 = Debug|Win32
		Debug|x64 = Debug|x64
		Release|Win32 = Release|Win32
		Release|x64 = Release|x64
	EndGlobalSection
	GlobalSection(ProjectConfigurationPlatforms) = postSolution
		{24239471-5E03-4BEA-8670-2BF38C93735D}.Debug|Win32.ActiveCfg = Debug|Win32
		{24239471-5E03-4BEA-8670-2BF38C93735D}.Debug|Win32.Build.0 = Debug|Win32
		{24239471-5E03-4BEA-8670-2BF38C93735D}.Debug|x64.ActiveCfg = Debug|x64
		{24239471-5E03-4BEA-8670-2BF38C93735D}.Debug|x64.Build.0 = Debug|x64
		{24239471-5E03-4BEA-8670-2BF38C93735D}.Release|Win32.ActiveCfg = Release|Win32
		{24239471-5E03-4BEA-8670-2BF38C93735D}.Release|Win32.Build.0 = Release|Win32
		{24239471-5E03-4BEA-8670-2BF38C93735D}.Release|x64.ActiveCfg = Release|x64
		{24239471-5E03-4BEA-8670-2BF38C93735D}.Release|x64.Build.0 = Release|x64
	EndGlobalSection
	GlobalSection(SolutionProperties) = preSolution
		HideSolutionNode = FALSE
	EndGlobalSection
	GlobalSection(ExtensibilityGlobals) = postSolution
		SolutionGuid = {27C342F4-146E-473D-B2CD-DFD88D14D611}
	EndGlobalSection
EndGlobal
