
Microsoft Visual Studio Solution File, Format Version 12.00
# Visual Studio Version 16
VisualStudioVersion = 16.0.29025.244
MinimumVisualStudioVersion = 10.0.40219.1
Project("{8BC9CEB8-8B4A-11D0-8D11-00A0C91BC942}") = "Cybiosphere", "Cybiosphere.vcxproj", "{D69A057C-E01A-46AE-8840-F6464F8CD599}"
EndProject
Global
	GlobalSection(SolutionConfigurationPlatforms) = preSolution
		Debug|x64 = Debug|x64
		Debug|x86 = Debug|x86
		Release_client|x64 = Release_client|x64
		Release_client|x86 = Release_client|x86
		Release|x64 = Release|x64
		Release|x86 = Release|x86
	EndGlobalSection
	GlobalSection(ProjectConfigurationPlatforms) = postSolution
		{D69A057C-E01A-46AE-8840-F6464F8CD599}.Debug|x64.ActiveCfg = Release_client|x64
		{D69A057C-E01A-46AE-8840-F6464F8CD599}.Debug|x64.Build.0 = Release_client|x64
		{D69A057C-E01A-46AE-8840-F6464F8CD599}.Debug|x86.ActiveCfg = Debug|Win32
		{D69A057C-E01A-46AE-8840-F6464F8CD599}.Debug|x86.Build.0 = Debug|Win32
		{D69A057C-E01A-46AE-8840-F6464F8CD599}.Release_client|x64.ActiveCfg = Release|x64
		{D69A057C-E01A-46AE-8840-F6464F8CD599}.Release_client|x64.Build.0 = Release|x64
		{D69A057C-E01A-46AE-8840-F6464F8CD599}.Release_client|x86.ActiveCfg = Release_client|Win32
		{D69A057C-E01A-46AE-8840-F6464F8CD599}.Release_client|x86.Build.0 = Release_client|Win32
		{D69A057C-E01A-46AE-8840-F6464F8CD599}.Release|x64.ActiveCfg = Release|x64
		{D69A057C-E01A-46AE-8840-F6464F8CD599}.Release|x64.Build.0 = Release|x64
		{D69A057C-E01A-46AE-8840-F6464F8CD599}.Release|x86.ActiveCfg = Release|Win32
		{D69A057C-E01A-46AE-8840-F6464F8CD599}.Release|x86.Build.0 = Release|Win32
	EndGlobalSection
	GlobalSection(SolutionProperties) = preSolution
		HideSolutionNode = FALSE
	EndGlobalSection
	GlobalSection(ExtensibilityGlobals) = postSolution
		SolutionGuid = {96DE2D40-050D-4FFE-8100-DFCB2D98FE51}
	EndGlobalSection
EndGlobal
