<?xml version="1.0" encoding="utf-8"?>
<Project ToolsVersion="4.0" xmlns="http://schemas.microsoft.com/developer/msbuild/2003">
  <ItemGroup>
    <Filter Include="WpBehavior">
      <UniqueIdentifier>{5fff3993-c1a3-48b7-9f26-79f9dc712bb1}</UniqueIdentifier>
    </Filter>
    <Filter Include="WpBehavior\IncBehavior">
      <UniqueIdentifier>{45cb5e9d-9cdb-4a5f-aa7a-f9e0741a0fcc}</UniqueIdentifier>
      <Extensions>h</Extensions>
    </Filter>
    <Filter Include="WpEntity">
      <UniqueIdentifier>{69d1c875-3e54-419d-a2e2-fd1efd2db0ef}</UniqueIdentifier>
    </Filter>
    <Filter Include="WpEntity\IncEntity">
      <UniqueIdentifier>{a339f53e-ac8f-4cda-abcf-9036aadf09d2}</UniqueIdentifier>
      <Extensions>h</Extensions>
    </Filter>
    <Filter Include="WpEnvironment">
      <UniqueIdentifier>{e6d31167-afe5-4a2d-93a7-2a49ddb8c65e}</UniqueIdentifier>
    </Filter>
    <Filter Include="WpEnvironment\IncEnvironment">
      <UniqueIdentifier>{6bbb4872-1ba3-4cda-9926-943a2f1766ce}</UniqueIdentifier>
      <Extensions>h</Extensions>
    </Filter>
    <Filter Include="WpCommon">
      <UniqueIdentifier>{26d0865c-e002-4ed8-9d86-3042a2fdf010}</UniqueIdentifier>
    </Filter>
    <Filter Include="WpCommon\IncTools">
      <UniqueIdentifier>{7d0d4caa-338d-4b40-b6a2-bcdbe6673f87}</UniqueIdentifier>
      <Extensions>h</Extensions>
    </Filter>
    <Filter Include="WpGenetic">
      <UniqueIdentifier>{160aea91-023e-4536-a618-4ac1636abbd0}</UniqueIdentifier>
    </Filter>
    <Filter Include="WpGenetic\IncGenetic">
      <UniqueIdentifier>{70819504-fda6-4598-afb4-0ad2193cfbc3}</UniqueIdentifier>
      <Extensions>.h</Extensions>
    </Filter>
    <Filter Include="ProjectConsole">
      <UniqueIdentifier>{95630125-7bd1-483c-9562-6a50b9204693}</UniqueIdentifier>
    </Filter>
    <Filter Include="WpTests">
      <UniqueIdentifier>{9bbd287a-4081-48b1-ab8a-32113444a912}</UniqueIdentifier>
    </Filter>
  </ItemGroup>
  <ItemGroup>
    <ClInclude Include="..\WpBehavior\inc\CBrain.h">
      <Filter>WpBehavior\IncBehavior</Filter>
    </ClInclude>
    <ClInclude Include="..\WpBehavior\inc\CBrainAnimal.h">
      <Filter>WpBehavior\IncBehavior</Filter>
    </ClInclude>
    <ClInclude Include="..\WpBehavior\inc\CFeelingWelfare.h">
      <Filter>WpBehavior\IncBehavior</Filter>
    </ClInclude>
    <ClInclude Include="..\WpBehavior\inc\CPurpose.h">
      <Filter>WpBehavior\IncBehavior</Filter>
    </ClInclude>
    <ClInclude Include="..\WpBehavior\inc\CReaction.h">
      <Filter>WpBehavior\IncBehavior</Filter>
    </ClInclude>
    <ClInclude Include="..\WpBehavior\inc\CReactionAttack.h">
      <Filter>WpBehavior\IncBehavior</Filter>
    </ClInclude>
    <ClInclude Include="..\WpBehavior\inc\CReactionCopulate.h">
      <Filter>WpBehavior\IncBehavior</Filter>
    </ClInclude>
    <ClInclude Include="..\WpBehavior\inc\CReactionDrink.h">
      <Filter>WpBehavior\IncBehavior</Filter>
    </ClInclude>
    <ClInclude Include="..\WpBehavior\inc\CReactionEat.h">
      <Filter>WpBehavior\IncBehavior</Filter>
    </ClInclude>
    <ClInclude Include="..\WpBehavior\inc\CReactionNothing.h">
      <Filter>WpBehavior\IncBehavior</Filter>
    </ClInclude>
    <ClInclude Include="..\WpBehavior\inc\CReactionStepBackward.h">
      <Filter>WpBehavior\IncBehavior</Filter>
    </ClInclude>
    <ClInclude Include="..\WpBehavior\inc\CReactionStepForward.h">
      <Filter>WpBehavior\IncBehavior</Filter>
    </ClInclude>
    <ClInclude Include="..\WpBehavior\inc\CReactionTurnLeft.h">
      <Filter>WpBehavior\IncBehavior</Filter>
    </ClInclude>
    <ClInclude Include="..\WpBehavior\inc\CReactionTurnRight.h">
      <Filter>WpBehavior\IncBehavior</Filter>
    </ClInclude>
    <ClInclude Include="..\WpBehavior\inc\CSensor.h">
      <Filter>WpBehavior\IncBehavior</Filter>
    </ClInclude>
    <ClInclude Include="..\WpBehavior\inc\CSensorHunger.h">
      <Filter>WpBehavior\IncBehavior</Filter>
    </ClInclude>
    <ClInclude Include="..\WpBehavior\inc\CSensorPleasure.h">
      <Filter>WpBehavior\IncBehavior</Filter>
    </ClInclude>
    <ClInclude Include="..\WpBehavior\inc\CSensorSmell.h">
      <Filter>WpBehavior\IncBehavior</Filter>
    </ClInclude>
    <ClInclude Include="..\WpBehavior\inc\CSensorSuffering.h">
      <Filter>WpBehavior\IncBehavior</Filter>
    </ClInclude>
    <ClInclude Include="..\WpBehavior\inc\CSensorTactile.h">
      <Filter>WpBehavior\IncBehavior</Filter>
    </ClInclude>
    <ClInclude Include="..\WpBehavior\inc\CSensorThirst.h">
      <Filter>WpBehavior\IncBehavior</Filter>
    </ClInclude>
    <ClInclude Include="..\WpBehavior\inc\CSensorView.h">
      <Filter>WpBehavior\IncBehavior</Filter>
    </ClInclude>
    <ClInclude Include="..\WpEntity\inc\CAnimal.h">
      <Filter>WpEntity\IncEntity</Filter>
    </ClInclude>
    <ClInclude Include="..\WpEntity\inc\CAnimMammal.h">
      <Filter>WpEntity\IncEntity</Filter>
    </ClInclude>
    <ClInclude Include="..\WpEntity\inc\CBasicEntity.h">
      <Filter>WpEntity\IncEntity</Filter>
    </ClInclude>
    <ClInclude Include="..\WpEntity\inc\CLifeStage.h">
      <Filter>WpEntity\IncEntity</Filter>
    </ClInclude>
    <ClInclude Include="..\WpEntity\inc\CMineral.h">
      <Filter>WpEntity\IncEntity</Filter>
    </ClInclude>
    <ClInclude Include="..\WpEntity\inc\CPhysicalWelfare.h">
      <Filter>WpEntity\IncEntity</Filter>
    </ClInclude>
    <ClInclude Include="..\WpEntity\inc\CVegetable.h">
      <Filter>WpEntity\IncEntity</Filter>
    </ClInclude>
    <ClInclude Include="..\WpEntity\inc\CVegetSpermatophyta.h">
      <Filter>WpEntity\IncEntity</Filter>
    </ClInclude>
    <ClInclude Include="..\WpEntity\inc\CWater.h">
      <Filter>WpEntity\IncEntity</Filter>
    </ClInclude>
    <ClInclude Include="..\WpEnvironment\inc\CBiotop.h">
      <Filter>WpEnvironment\IncEnvironment</Filter>
    </ClInclude>
    <ClInclude Include="..\WpCommon\inc\CGenericParam.h">
      <Filter>WpCommon\IncTools</Filter>
    </ClInclude>
    <ClInclude Include="..\WpCommon\inc\Definitions.h">
      <Filter>WpCommon\IncTools</Filter>
    </ClInclude>
    <ClInclude Include="..\WpCommon\inc\Matrix.h">
      <Filter>WpCommon\IncTools</Filter>
    </ClInclude>
    <ClInclude Include="..\WpGenetic\inc\CChromosome.h">
      <Filter>WpGenetic\IncGenetic</Filter>
    </ClInclude>
    <ClInclude Include="..\WpGenetic\inc\CGene.h">
      <Filter>WpGenetic\IncGenetic</Filter>
    </ClInclude>
    <ClInclude Include="..\WpGenetic\inc\CGenome.h">
      <Filter>WpGenetic\IncGenetic</Filter>
    </ClInclude>
    <ClInclude Include="..\WpGenetic\inc\CPairOfChromosome.h">
      <Filter>WpGenetic\IncGenetic</Filter>
    </ClInclude>
    <ClInclude Include="..\WpTests\TestsCybioCore.h">
      <Filter>WpTests</Filter>
    </ClInclude>
  </ItemGroup>
  <ItemGroup>
    <ClCompile Include="..\Evolution.cpp" />
    <ClCompile Include="..\WpTests\TestsCybioCore.cpp">
      <Filter>WpTests</Filter>
    </ClCompile>
  </ItemGroup>
  <ItemGroup>
    <Text Include="ReadMe.txt" />
  </ItemGroup>
</Project>